
Microsoft Visual Studio Solution File, Format Version 12.00
# Visual Studio 15
VisualStudioVersion = 15.0.28307.1209
MinimumVisualStudioVersion = 10.0.40219.1
Project("{FAE04EC0-301F-11D3-BF4B-00C04F79EFBC}") = "Vidly", "Vidly\Vidly.csproj", "{E9086CAE-D898-4FAC-88E6-C39D3314065D}"
EndProject
Global
	GlobalSection(SolutionConfigurationPlatforms) = preSolution
		Debug|Any CPU = Debug|Any CPU
		Release|Any CPU = Release|Any CPU
	EndGlobalSection
	GlobalSection(ProjectConfigurationPlatforms) = postSolution
		{E9086CAE-D898-4FAC-88E6-C39D3314065D}.Debug|Any CPU.ActiveCfg = Debug|Any CPU
		{E9086CAE-D898-4FAC-88E6-C39D3314065D}.Debug|Any CPU.Build.0 = Debug|Any CPU
		{E9086CAE-D898-4FAC-88E6-C39D3314065D}.Release|Any CPU.ActiveCfg = Release|Any CPU
		{E9086CAE-D898-4FAC-88E6-C39D3314065D}.Release|Any CPU.Build.0 = Release|Any CPU
	EndGlobalSection
	GlobalSection(SolutionProperties) = preSolution
		HideSolutionNode = FALSE
	EndGlobalSection
	GlobalSection(ExtensibilityGlobals) = postSolution
		SolutionGuid = {54AC38A7-E7E9-4509-9613-5BD5ED6BF55C}
	EndGlobalSection
EndGlobal
